{
  "name": "installment-plan-utility",
  "version": "1.0.0",
  "lockfileVersion": 3,
  "requires": true,
  "packages": {
    "": {
      "name": "installment-plan-utility",
      "version": "1.0.0",
      "license": "ISC",
      "dependencies": {
        "installment-plan": "^1.1.1"
      }
    },
    "node_modules/installment-plan": {
      "version": "1.1.1",
      "resolved": "https://registry.npmjs.org/installment-plan/-/installment-plan-1.1.1.tgz",
      "integrity": "sha512-7zNGhN3t3IVWg0Dm1hYBtbmMcTO8eKFUwmqZSIsrpeCo3ro6Oq+oId9Vb+CEG66MOQcGwuI4CNog2UOvz5Crxg=="
    }
  }
}
